
Microsoft Visual Studio Solution File, Format Version 12.00
# Visual Studio Version 17
VisualStudioVersion = 17.1.32328.378
MinimumVisualStudioVersion = 10.0.40219.1
Project("{FAE04EC0-301F-11D3-BF4B-00C04F79EFBC}") = "SukaHospital.Web", "SukaHospital.Web\SukaHospital.Web.csproj", "{66256402-C802-480F-A0D4-F8C2A7CBAC74}"
EndProject
Project("{FAE04EC0-301F-11D3-BF4B-00C04F79EFBC}") = "SukaHospital.Models", "SukaHospital.Models\SukaHospital.Models.csproj", "{0242738A-ACF0-4621-846A-64021E8F12AB}"
EndProject
Project("{FAE04EC0-301F-11D3-BF4B-00C04F79EFBC}") = "SukaHospital.ViewModels", "SukaHospital.ViewModels\SukaHospital.ViewModels.csproj", "{2E75A82F-070A-460B-B639-8EBEA63C5F5E}"
EndProject
Project("{FAE04EC0-301F-11D3-BF4B-00C04F79EFBC}") = "SukaHospital.Repositories", "SukaHospital.Repositories\SukaHospital.Repositories.csproj", "{4E9C9531-9076-4BE2-810D-0F6752DC48E9}"
EndProject
Project("{FAE04EC0-301F-11D3-BF4B-00C04F79EFBC}") = "SukaHospital.Services", "SukaHospital.Services\SukaHospital.Services.csproj", "{C5B757F8-5054-4176-82DC-1F9D82D74B71}"
EndProject
Project("{FAE04EC0-301F-11D3-BF4B-00C04F79EFBC}") = "sukaHospitals.Utilities", "sukaHospitals.Utilities\sukaHospitals.Utilities.csproj", "{28A359E9-F5E7-46B7-89BC-810B323C4C24}"
EndProject
Global
	GlobalSection(SolutionConfigurationPlatforms) = preSolution
		Debug|Any CPU = Debug|Any CPU
		Release|Any CPU = Release|Any CPU
	EndGlobalSection
	GlobalSection(ProjectConfigurationPlatforms) = postSolution
		{66256402-C802-480F-A0D4-F8C2A7CBAC74}.Debug|Any CPU.ActiveCfg = Debug|Any CPU
		{66256402-C802-480F-A0D4-F8C2A7CBAC74}.Debug|Any CPU.Build.0 = Debug|Any CPU
		{66256402-C802-480F-A0D4-F8C2A7CBAC74}.Release|Any CPU.ActiveCfg = Release|Any CPU
		{66256402-C802-480F-A0D4-F8C2A7CBAC74}.Release|Any CPU.Build.0 = Release|Any CPU
		{0242738A-ACF0-4621-846A-64021E8F12AB}.Debug|Any CPU.ActiveCfg = Debug|Any CPU
		{0242738A-ACF0-4621-846A-64021E8F12AB}.Debug|Any CPU.Build.0 = Debug|Any CPU
		{0242738A-ACF0-4621-846A-64021E8F12AB}.Release|Any CPU.ActiveCfg = Release|Any CPU
		{0242738A-ACF0-4621-846A-64021E8F12AB}.Release|Any CPU.Build.0 = Release|Any CPU
		{2E75A82F-070A-460B-B639-8EBEA63C5F5E}.Debug|Any CPU.ActiveCfg = Debug|Any CPU
		{2E75A82F-070A-460B-B639-8EBEA63C5F5E}.Debug|Any CPU.Build.0 = Debug|Any CPU
		{2E75A82F-070A-460B-B639-8EBEA63C5F5E}.Release|Any CPU.ActiveCfg = Release|Any CPU
		{2E75A82F-070A-460B-B639-8EBEA63C5F5E}.Release|Any CPU.Build.0 = Release|Any CPU
		{4E9C9531-9076-4BE2-810D-0F6752DC48E9}.Debug|Any CPU.ActiveCfg = Debug|Any CPU
		{4E9C9531-9076-4BE2-810D-0F6752DC48E9}.Debug|Any CPU.Build.0 = Debug|Any CPU
		{4E9C9531-9076-4BE2-810D-0F6752DC48E9}.Release|Any CPU.ActiveCfg = Release|Any CPU
		{4E9C9531-9076-4BE2-810D-0F6752DC48E9}.Release|Any CPU.Build.0 = Release|Any CPU
		{C5B757F8-5054-4176-82DC-1F9D82D74B71}.Debug|Any CPU.ActiveCfg = Debug|Any CPU
		{C5B757F8-5054-4176-82DC-1F9D82D74B71}.Debug|Any CPU.Build.0 = Debug|Any CPU
		{C5B757F8-5054-4176-82DC-1F9D82D74B71}.Release|Any CPU.ActiveCfg = Release|Any CPU
		{C5B757F8-5054-4176-82DC-1F9D82D74B71}.Release|Any CPU.Build.0 = Release|Any CPU
		{28A359E9-F5E7-46B7-89BC-810B323C4C24}.Debug|Any CPU.ActiveCfg = Debug|Any CPU
		{28A359E9-F5E7-46B7-89BC-810B323C4C24}.Debug|Any CPU.Build.0 = Debug|Any CPU
		{28A359E9-F5E7-46B7-89BC-810B323C4C24}.Release|Any CPU.ActiveCfg = Release|Any CPU
		{28A359E9-F5E7-46B7-89BC-810B323C4C24}.Release|Any CPU.Build.0 = Release|Any CPU
	EndGlobalSection
	GlobalSection(SolutionProperties) = preSolution
		HideSolutionNode = FALSE
	EndGlobalSection
	GlobalSection(ExtensibilityGlobals) = postSolution
		SolutionGuid = {43FC88BF-8DC0-4F36-AB47-6E6CF1C0DF12}
	EndGlobalSection
EndGlobal
